
Microsoft Visual Studio Solution File, Format Version 12.00
# Visual Studio 15
VisualStudioVersion = 15.0.26730.16
MinimumVisualStudioVersion = 10.0.40219.1
Project("{888888A0-9F3D-457C-B088-3A5042F75D52}") = "ccConvNet", "ccConvNet\ccConvNet.pyproj", "{A2D67A55-EB5C-4214-9697-27487E3DBBDC}"
EndProject
Global
	GlobalSection(SolutionConfigurationPlatforms) = preSolution
		Debug|Any CPU = Debug|Any CPU
		Release|Any CPU = Release|Any CPU
	EndGlobalSection
	GlobalSection(ProjectConfigurationPlatforms) = postSolution
		{A2D67A55-EB5C-4214-9697-27487E3DBBDC}.Debug|Any CPU.ActiveCfg = Debug|Any CPU
		{A2D67A55-EB5C-4214-9697-27487E3DBBDC}.Release|Any CPU.ActiveCfg = Release|Any CPU
	EndGlobalSection
	GlobalSection(SolutionProperties) = preSolution
		HideSolutionNode = FALSE
	EndGlobalSection
	GlobalSection(ExtensibilityGlobals) = postSolution
		SolutionGuid = {F2BDF237-02C7-4DF9-91B6-43C7414F6221}
	EndGlobalSection
EndGlobal
